
Microsoft Visual Studio Solution File, Format Version 12.00
# Visual Studio Version 16
VisualStudioVersion = 16.0.30320.27
MinimumVisualStudioVersion = 10.0.40219.1
Project("{FAE04EC0-301F-11D3-BF4B-00C04F79EFBC}") = "Aranda.Rules.WebHook", "Aranda.Rules.WebHook\Aranda.Rules.WebHook.csproj", "{1AA7926D-2FC8-40A2-8058-9639E439CC7F}"
EndProject
Global
	GlobalSection(SolutionConfigurationPlatforms) = preSolution
		Debug|Any CPU = Debug|Any CPU
		Release|Any CPU = Release|Any CPU
	EndGlobalSection
	GlobalSection(ProjectConfigurationPlatforms) = postSolution
		{1AA7926D-2FC8-40A2-8058-9639E439CC7F}.Debug|Any CPU.ActiveCfg = Debug|Any CPU
		{1AA7926D-2FC8-40A2-8058-9639E439CC7F}.Debug|Any CPU.Build.0 = Debug|Any CPU
		{1AA7926D-2FC8-40A2-8058-9639E439CC7F}.Release|Any CPU.ActiveCfg = Release|Any CPU
		{1AA7926D-2FC8-40A2-8058-9639E439CC7F}.Release|Any CPU.Build.0 = Release|Any CPU
	EndGlobalSection
	GlobalSection(SolutionProperties) = preSolution
		HideSolutionNode = FALSE
	EndGlobalSection
	GlobalSection(ExtensibilityGlobals) = postSolution
		SolutionGuid = {16B85E30-02DC-4EA2-A6EF-0EF3C2D99419}
	EndGlobalSection
EndGlobal
